
Microsoft Visual Studio Solution File, Format Version 12.00
# Visual Studio Version 17
VisualStudioVersion = 17.0.31903.59
MinimumVisualStudioVersion = 10.0.40219.1
Project("{9A19103F-16F7-4668-BE54-9A1E7A4F7556}") = "Sds.Inn", "Sds.Inn\Sds.Inn.csproj", "{EBFAE135-90B1-4C94-BFE8-0BD09023AE65}"
EndProject
Project("{FAE04EC0-301F-11D3-BF4B-00C04F79EFBC}") = "Sds.InnTests", "Sds.InnTests\Sds.InnTests.csproj", "{5996087A-875F-44CA-B4E8-88C151D5FB55}"
EndProject
Global
	GlobalSection(SolutionConfigurationPlatforms) = preSolution
		Debug|Any CPU = Debug|Any CPU
		Release|Any CPU = Release|Any CPU
	EndGlobalSection
	GlobalSection(ProjectConfigurationPlatforms) = postSolution
		{EBFAE135-90B1-4C94-BFE8-0BD09023AE65}.Debug|Any CPU.ActiveCfg = Debug|Any CPU
		{EBFAE135-90B1-4C94-BFE8-0BD09023AE65}.Debug|Any CPU.Build.0 = Debug|Any CPU
		{EBFAE135-90B1-4C94-BFE8-0BD09023AE65}.Release|Any CPU.ActiveCfg = Release|Any CPU
		{EBFAE135-90B1-4C94-BFE8-0BD09023AE65}.Release|Any CPU.Build.0 = Release|Any CPU
		{5996087A-875F-44CA-B4E8-88C151D5FB55}.Debug|Any CPU.ActiveCfg = Debug|Any CPU
		{5996087A-875F-44CA-B4E8-88C151D5FB55}.Debug|Any CPU.Build.0 = Debug|Any CPU
		{5996087A-875F-44CA-B4E8-88C151D5FB55}.Release|Any CPU.ActiveCfg = Release|Any CPU
		{5996087A-875F-44CA-B4E8-88C151D5FB55}.Release|Any CPU.Build.0 = Release|Any CPU
	EndGlobalSection
	GlobalSection(SolutionProperties) = preSolution
		HideSolutionNode = FALSE
	EndGlobalSection
	GlobalSection(ExtensibilityGlobals) = postSolution
		SolutionGuid = {E177F4C6-5D25-42FD-BE72-C451CC033D3E}
	EndGlobalSection
EndGlobal
